
Microsoft Visual Studio Solution File, Format Version 12.00
# Visual Studio Version 16
VisualStudioVersion = 16.0.29926.136
MinimumVisualStudioVersion = 10.0.40219.1
Project("{FAE04EC0-301F-11D3-BF4B-00C04F79EFBC}") = "prueba11", "prueba11\prueba11.csproj", "{414420A4-64D8-42D5-A3F1-43EFF3B54002}"
EndProject
Global
	GlobalSection(SolutionConfigurationPlatforms) = preSolution
		Debug|Any CPU = Debug|Any CPU
		Release|Any CPU = Release|Any CPU
	EndGlobalSection
	GlobalSection(ProjectConfigurationPlatforms) = postSolution
		{414420A4-64D8-42D5-A3F1-43EFF3B54002}.Debug|Any CPU.ActiveCfg = Debug|Any CPU
		{414420A4-64D8-42D5-A3F1-43EFF3B54002}.Debug|Any CPU.Build.0 = Debug|Any CPU
		{414420A4-64D8-42D5-A3F1-43EFF3B54002}.Release|Any CPU.ActiveCfg = Release|Any CPU
		{414420A4-64D8-42D5-A3F1-43EFF3B54002}.Release|Any CPU.Build.0 = Release|Any CPU
	EndGlobalSection
	GlobalSection(SolutionProperties) = preSolution
		HideSolutionNode = FALSE
	EndGlobalSection
	GlobalSection(ExtensibilityGlobals) = postSolution
		SolutionGuid = {74FAB971-B044-4E19-B5C1-266E7B60C974}
	EndGlobalSection
EndGlobal
